PODS:
  - ActionSheetPicker-3.0 (2.2.0)
  - apptentive-ios (3.3.0)
  - Bolts (1.8.4):
    - Bolts/AppLinks (= 1.8.4)
    - Bolts/Tasks (= 1.8.4)
  - Bolts/AppLinks (1.8.4):
    - Bolts/Tasks
  - Bolts/Tasks (1.8.4)
  - FBSDKCoreKit (4.16.0):
    - Bolts (~> 1.7)
  - FBSDKLoginKit (4.16.0):
    - FBSDKCoreKit
  - Flurry-iOS-SDK/FlurrySDK (7.6.6)
  - JSQMessagesViewController (7.3.4):
    - JSQSystemSoundPlayer (~> 2.0.1)
  - JSQSystemSoundPlayer (2.0.1)
  - LKAlertController (1.10.0)
  - MBProgressHUD (1.0.0)
  - Parse (1.14.2):
    - Bolts/Tasks (~> 1.8)
  - ParseFacebookUtilsV4 (1.11.1):
    - Bolts/Tasks (>= 1.6)
    - FBSDKCoreKit (~> 4.10)
    - FBSDKLoginKit (~> 4.10)
    - FBSDKTVOSKit (~> 4.10)
    - Parse (~> 1.12)
  - ParseUI (1.2.0):
    - Bolts/Tasks (~> 1.3)
    - Parse (~> 1.9)
  - TOCropViewController (2.0.7)

DEPENDENCIES:
  - ActionSheetPicker-3.0
  - apptentive-ios
  - Flurry-iOS-SDK/FlurrySDK
  - JSQMessagesViewController
  - LKAlertController
  - MBProgressHUD
  - Parse
  - ParseFacebookUtilsV4
  - ParseUI
  - TOCropViewController

SPEC CHECKSUMS:
  ActionSheetPicker-3.0: d11a4c12c6aaf704b8a3f56d179198c99f3e41e6
  apptentive-ios: c4b6718d71991f4202049b49b817b2adb52e436c
  Bolts: 8a7995239dbe724f9cba2248b766d48b7ebdd322
  FBSDKCoreKit: 7a6baaed4a2b2a244ba253346713bdbc74df135b
  FBSDKLoginKit: 9a514a55a7d05190f64d4ef09502737588b5b561
  Flurry-iOS-SDK: 97bbeec09cca666c2f1772f6e161c4f8ccff611e
  JSQMessagesViewController: 39fed975e3c9f8eba7292071e29eeb541d105e66
  JSQSystemSoundPlayer: c5850e77a4363ffd374cd851154b9af93264ed8d
  LKAlertController: cfdfc6f0cdd2d35d850fee5bb4be851e22c7c1b7
  MBProgressHUD: 4890f671c94e8a0f3cf959aa731e9de2f036d71a
  Parse: 4335d65f40cb3d43190d723144bbe1afb9c38230
  ParseFacebookUtilsV4: 2f30c2b7021c8005d3042781da7ef87d06589421
  ParseUI: af2eba584799da4a9fbdac0e178662d7438b502e
  TOCropViewController: cec24e4385929683b217d08bfdc8791975cddc04

PODFILE CHECKSUM: 20d3e2dcf39115a950958892c29d8656fdc70eb6

COCOAPODS: 1.1.0.rc.2
